version = 1
revision = 3
requires-python = ">=3.14"

[[package]]
name = "llm"
version = "0.1.0"
source = { virtual = "." }
dependencies = [
    { name = "mlx" },
]

[package.dev-dependencies]
dev = [
    { name = "ruff" },
]

[package.metadata]
requires-dist = [{ name = "mlx", specifier = ">=0.32.2" }]

[package.metadata.requires-dev]
dev = [{ name = "ruff", specifier = ">=0.16.7" }]

[[package]]
name = "mlx"
version = "0.32.2"
source = { registry = "https://pypi.org/simple" }
dependencies = [
    { name = "mlx-metal", marker = "sys_platform == 'darwin'" },
]
wheels = [
    { url = "https://files.pythonhosted.org/packages/35/c8/d4f7c648d6ea7baee986047ca30647a5733df5b9c77bb0a262dc5aca0843/mlx-0.32.2-cp314-cp314-macosx_14_0_arm64.whl", hash = "sha256:c99e3b6451bb4a55071cf19594f564435bd88de77008f377e611a40a8bbfb328", size = 622061, upload-time = "2026-08-25T10:32:18.571Z" },
    { url = "https://files.pythonhosted.org/packages/f8/c8/6928f4b9ca8f190c7c7a19c0a67920aa1742c62c6e66b05f7a1e21da728c/mlx-0.32.2-cp314-cp314-macosx_15_0_arm64.whl", hash = "sha256:8fc433e35a7058e30f7a225c39fce06ba41394fe8e9fd67383b70f0b06de398c", size = 622061, upload-time = "2026-08-25T10:32:20.097Z" },
    { url = "https://files.pythonhosted.org/packages/ce/f0/4cb126cdfffb6d976fedba1dc276cb714e1a37d6f47527dc5deeaa8a8668/mlx-0.32.2-cp314-cp314-macosx_26_0_arm64.whl", hash = "sha256:3503617e3aa6a8e411df53236d5bca039fcca97556f1ade1c4e5cc8a64de52d2", size = 621985, upload-time = "2026-08-25T10:32:22.017Z" },
    { url = "https://files.pythonhosted.org/packages/55/f4/36f3d90117dfbc5d8d537165cfd134243965c4d3907eb176e8048b1f5217/mlx-0.32.2-cp314-cp314-manylinux_2_35_aarch64.whl", hash = "sha256:5304e5db83d982d88cac54449b34daf4e928646c6ded8799a171f6966cb253a6", size = 680961, upload-time = "2026-08-25T10:32:23.588Z" },
    { url = "https://files.pythonhosted.org/packages/0c/92/84c6d75147224d53210b0195cfaa7b92101c2b911a3b9dbee69df0f4b2c1/mlx-0.32.2-cp314-cp314-manylinux_2_35_x86_64.whl", hash = "sha256:c0abc76090607b3522faad3e73580c5c5aff12158074297647508d8ab2ec035d", size = 743220, upload-time = "2026-08-25T10:32:25.089Z" },
    { url = "https://files.pythonhosted.org/packages/7b/2e/a6bb6b24d9e124c922fdfab4850e9c89494982f5ff88ef0e3a14f007ae97/mlx-0.32.2-cp314-cp314-win_amd64.whl", hash = "sha256:2382f3be0f254eb44f7e8571e9e7ff60f88d55ac2f95d0a141d8f997e4f487f0", size = 636050, upload-time = "2026-08-25T10:32:26.568Z" },
    { url = "https://files.pythonhosted.org/packages/00/ab/384bffa6cd275381e1e2b682a7c81e1dbc3fa03a64d0a0e28bddabfb2d4c/mlx-0.32.2-cp314-cp314-win_arm64.whl", hash = "sha256:8668d79d528753ebcb05c3cb8c4fb7a34800bee3f67f216202402f1301f71866", size = 621366, upload-time = "2026-08-25T10:32:27.993Z" },
    { url = "https://files.pythonhosted.org/packages/13/5d/2eb0b70061ba2f82c5c0f9cff4d60f502c014b5e15c8ede9e47ecff7eda4/mlx-0.32.2-cp314-cp314t-macosx_14_0_arm64.whl", hash = "sha256:1a76fa10040ceb6b119f015e5edce7678387f2c73ec51818cfc1a22441910795", size = 645173, upload-time = "2026-08-25T10:32:29.865Z" },
    { url = "https://files.pythonhosted.org/packages/87/16/ab4dad1e575c7b44283754bb70f6a24b14f4cba646dc4c605b6c49a8a376/mlx-0.32.2-cp314-cp314t-macosx_15_0_arm64.whl", hash = "sha256:0007e4a071756c07c79f4762aa6ccc1d646da2621f5221f4467ee9419733e0e4", size = 645173, upload-time = "2026-08-25T10:32:31.392Z" },
    { url = "https://files.pythonhosted.org/packages/9c/8e/45e8796e4be713a0126cdbe9a57cd2a89e6e91b034f89e4f6c42bd3f15df/mlx-0.32.2-cp314-cp314t-macosx_26_0_arm64.whl", hash = "sha256:94f4bba2183f6875f5f6de3e78939da1471626f2458c16a7ae6b494df8899d8e", size = 645132, upload-time = "2026-08-25T10:32:33.21Z" },
    { url = "https://files.pythonhosted.org/packages/07/a4/75e347cb300db2dd697003425972b2edf253fd057662a34752920cc25ede/mlx-0.32.2-cp314-cp314t-manylinux_2_35_aarch64.whl", hash = "sha256:41f436cd8dd2e052ed0eba0cbc3b7aa65069aed294c74c636a00d14e85352fca", size = 695226, upload-time = "2026-08-25T10:32:34.745Z" },
    { url = "https://files.pythonhosted.org/packages/6e/1d/651010dcf9159a5ad79e60a91e5c9f497ca81f243cc7b017bcdc44c8875e/mlx-0.32.2-cp314-cp314t-manylinux_2_35_x86_64.whl", hash = "sha256:4a1738951f6209c7c6a7d45a1c0192217ddd76cf7285433e22677b7a98fc3f62", size = 751085, upload-time = "2026-08-25T10:32:36.325Z" },
    { url = "https://files.pythonhosted.org/packages/cf/47/7dd7a3fd333859601e191f1d75afefa64115c1ec4b6862d03ada300a8aa6/mlx-0.32.2-cp314-cp314t-win_amd64.whl", hash = "sha256:52e2912df37d5712947fafa1c9949da6a15c8cd5fa6eeb837aa42900a3619489", size = 672313, upload-time = "2026-08-25T10:32:37.689Z" },
    { url = "https://files.pythonhosted.org/packages/f2/ef/ea528d5f51c7cf072f3bdda60d654d94364bb405bd31e566687bebd7b899/mlx-0.32.2-cp314-cp314t-win_arm64.whl", hash = "sha256:b4e34c337403e788900dea304453b52760134716ce7ef9fef4553ffe6c6c456b", size = 638733, upload-time = "2026-08-25T10:32:39.192Z" },
]

[[package]]
name = "mlx-metal"
version = "0.32.2"
source = { registry = "https://pypi.org/simple" }
wheels = [
    { url = "https://files.pythonhosted.org/packages/f7/ab/ba1952908c5d2a5070cf1cfbfea0161c4751ea62299e2776819810917483/mlx_metal-0.32.2-py3-none-macosx_14_0_arm64.whl", hash = "sha256:3825fff379dbc107dd3413e564a06caeaa24819910ec49c0439e454c06a1b9b8", size = 42516623, upload-time = "2026-08-25T10:31:18.396Z" },
    { url = "https://files.pythonhosted.org/packages/79/ec/34f37376e26d537fadffb99af3a760d6545e37f5e1a30a552baadf237fc5/mlx_metal-0.32.2-py3-none-macosx_15_0_arm64.whl", hash = "sha256:55a369250d220b2cf10213a87a2ac1b1a420608c5b35b1df4e7147ac8e32f121", size = 42512323, upload-time = "2026-08-25T10:31:22.673Z" },
    { url = "https://files.pythonhosted.org/packages/dd/cd/4e50bf325100e7165e13d025f264362bf0009196269f9eaf87f2c6e738a2/mlx_metal-0.32.2-py3-none-macosx_26_0_arm64.whl", hash = "sha256:e6abeac9ac5265830c9c1541b6f96e9be37a85c2446763a46ad466c63a3837ab", size = 64367860, upload-time = "2026-08-25T10:31:28.056Z" },
]

[[package]]
name = "ruff"
version = "0.16.7"
source = { registry = "https://pypi.org/simple" }
sdist = { url = "https://files.pythonhosted.org/packages/82/bb/5a449b9162e49b139d72f61672bd3ac1d790221f796d3304e2241fff4c58/ruff-0.16.7.tar.gz", hash = "sha256:5f71d004ac1263b22fa39462ac5ae618a4b77d58981af2cc79bf79a29c12b1a6", size = 4924184, upload-time = "2026-09-10T18:04:06.336Z" }
wheels = [
    { url = "https://files.pythonhosted.org/packages/e3/b2/c80aeeb7f9e469c0d63a85d2f1ab6e1ebfbe10ea7a8d2438b7e09e3ff09e/ruff-0.16.7-py3-none-linux_armv6l.whl", hash = "sha256:727307773e7c7f9181d3ed3a2484186e56c1fa1874255911c74585eb2c7c19f9", size = 10048917, upload-time = "2026-09-10T18:03:30.28Z" },
    { url = "https://files.pythonhosted.org/packages/7b/96/20bb7bcae008004df52afcb7ac83432d4a467f2c17b672fe46d26be231c5/ruff-0.16.7-py3-none-macosx_10_12_x86_64.whl", hash = "sha256:9d61c258deabf58f34c67bd4bb4d939c7f2e6b5f0e59c1cdd1cf771b11cde929", size = 10242929, upload-time = "2026-09-10T18:03:32.706Z" },
    { url = "https://files.pythonhosted.org/packages/90/b2/f184b0d5abec02db69cfd7e49b688ae0237554528ca777136c613bf36bee/ruff-0.16.7-py3-none-macosx_11_0_arm64.whl", hash = "sha256:7ab81118df8945e0193d0240712aa4496573595b75185c3636ed825592a0f728", size = 9847245, upload-time = "2026-09-10T18:03:34.509Z" },
    { url = "https://files.pythonhosted.org/packages/eb/2d/db1633a641866ed801e34cc6b60ef236c5e16f9b2124ab1d49cc24a5fe4f/ruff-0.16.7-py3-none-manylinux_2_17_aarch64.manylinux2014_aarch64.whl", hash = "sha256:4c196c968874fc8019da8e7163de7a1a370f111e2309b4b7dfea0fce950198d0", size = 9961780, upload-time = "2026-09-10T18:03:36.618Z" },
    { url = "https://files.pythonhosted.org/packages/4d/98/edea21e1a3e38dbbc3bf6bb068b863b3b06184cf8533a4c7dbbe208a89d5/ruff-0.16.7-py3-none-manylinux_2_17_armv7l.manylinux2014_armv7l.whl", hash = "sha256:ac8c3bd0a7e10ad31e6ce51e7a99f3cb772e69aecdd6b9ea7e99b362f62a62c0", size = 9866337, upload-time = "2026-09-10T18:03:38.805Z" },
    { url = "https://files.pythonhosted.org/packages/0b/11/a15e60d4c87b214646f116ca9d204475bf993ee1047459bc9a360fd4d6d1/ruff-0.16.7-py3-none-manylinux_2_17_i686.manylinux2014_i686.whl", hash = "sha256:398d3988edde000b5c75dc1b3f584708da9bc990de069c18909142580fec1af9", size = 10562512, upload-time = "2026-09-10T18:03:40.71Z" },
    { url = "https://files.pythonhosted.org/packages/29/42/eaff4c9b6d0c7cdf56df313a17e89ae854f5bbc0b0c8f9cce19be0ab7a8f/ruff-0.16.7-py3-none-manylinux_2_17_ppc64le.manylinux2014_ppc64le.whl", hash = "sha256:ce05b62b770a8217c4646a9c4139fca00efe8fe5d71f87df2b243ff20d4584d1", size = 11302938, upload-time = "2026-09-10T18:03:42.607Z" },
    { url = "https://files.pythonhosted.org/packages/5d/43/c75aa59a4ec181fe2ec06cab30e198c1c6d107229a9f008ae3a7c16cabd8/ruff-0.16.7-py3-none-manylinux_2_17_s390x.manylinux2014_s390x.whl", hash = "sha256:af1b576fddb9d9ef2ececfb5fadcd6a624b25070ed85e3cfcfe449fc3ff6a7b9", size = 10840857, upload-time = "2026-09-10T18:03:44.604Z" },
    { url = "https://files.pythonhosted.org/packages/21/33/81f3da371942ea031105ba679d8d6e28ec1660ccd690a45f42d381161356/ruff-0.16.7-py3-none-manylinux_2_17_x86_64.manylinux2014_x86_64.whl", hash = "sha256:9ce7f8f22df67c93ed96c717f9128eadb797144ac2bad475cf536f31d6100c55", size = 10370001, upload-time = "2026-09-10T18:03:46.706Z" },
    { url = "https://files.pythonhosted.org/packages/fa/0b/6345fb4dbf6dd0ed1cfe5d18391dc9c3f59cc81622a7b0a65b84b3e730ba/ruff-0.16.7-py3-none-manylinux_2_31_riscv64.whl", hash = "sha256:06d0e93d04f392996435ebd600c153f65b47d73fbec2415aa99c5ee5756b3a5f", size = 10548735, upload-time = "2026-09-10T18:03:48.658Z" },
    { url = "https://files.pythonhosted.org/packages/3f/4d/c5576adf511f92a328e5569dda190ecdd430da51f1a649f3a4a2fd73e21e/ruff-0.16.7-py3-none-musllinux_1_2_aarch64.whl", hash = "sha256:142151a5e7b93c1b11111337142f89dd2fbfee92161225c99a97222f22e32656", size = 10108496, upload-time = "2026-09-10T18:03:50.563Z" },
    { url = "https://files.pythonhosted.org/packages/ff/8c/667d83c16199a17a56adc6b0bd4c3beb5b767a2babcd16a56f76f9be7fd6/ruff-0.16.7-py3-none-musllinux_1_2_armv7l.whl", hash = "sha256:e6651f97a342d8b35d54d8991544ca22169b86dc54111cb604666940c431b750", size = 9860136, upload-time = "2026-09-10T18:03:52.621Z" },
    { url = "https://files.pythonhosted.org/packages/99/75/78d401106731999a1dd20cc5a6961e37e1eb9397a3b589f73f3a5ce146a3/ruff-0.16.7-py3-none-musllinux_1_2_i686.whl", hash = "sha256:ef140c6eb935fa9a84c9c607dfb2cb1b85843c192e79265b0c54f35f557ea8e5", size = 10286290, upload-time = "2026-09-10T18:03:55.207Z" },
    { url = "https://files.pythonhosted.org/packages/68/49/56f9c3a8b755df93a0ad318b2147bf4ef5dae9a7e5ec61c460109c67957f/ruff-0.16.7-py3-none-musllinux_1_2_x86_64.whl", hash = "sha256:53e39506a730fadeee0d998ed5946f30671f0db240c6c7c73bdabbe33604bb6f", size = 10745048, upload-time = "2026-09-10T18:03:57.299Z" },
    { url = "https://files.pythonhosted.org/packages/5f/ea/7f9b938a63ece4bec677ad7f9f7fa02df3383db1949ed93a382441c09a87/ruff-0.16.7-py3-none-win32.whl", hash = "sha256:2ea3470fcebcbc5df2fb0c6f3b90333fa9084c534e0111c038fa4a6ab9f1c4b7", size = 10059082, upload-time = "2026-09-10T18:03:59.632Z" },
    { url = "https://files.pythonhosted.org/packages/39/11/480a6973a927aa653e1cead6a6416008640e03a99d05b34c0434b8c6c366/ruff-0.16.7-py3-none-win_amd64.whl", hash = "sha256:7ac26aca826e9e21d0f1cb25b54ac660760a9fdd094d3e4df9848232be98cfc6", size = 10593368, upload-time = "2026-09-10T18:04:01.999Z" },
    { url = "https://files.pythonhosted.org/packages/8b/4b/51327018d056f0dad2c2238f26d1fb0f53707a9d91b75dea6d1b3039f136/ruff-0.16.7-py3-none-win_arm64.whl", hash = "sha256:aab7f39e2c9df6c596216070f98eef1207b94f8516cca20c808826974971855b", size = 10412401, upload-time = "2026-09-10T18:04:04.098Z" },
]
